
Microsoft Visual Studio Solution File, Format Version 12.00
# Visual Studio Version 17
VisualStudioVersion = 17.5.2.0
MinimumVisualStudioVersion = 10.0.40219.1
Project("{2150E333-8FDC-42A3-9474-1A3956D46DE8}") = "src", "src", "{827E0CD3-B72D-47B6-A68D-7590B98EB39B}"
EndProject
Project("{FAE04EC0-301F-11D3-BF4B-00C04F79EFBC}") = "ConfigStream.Core", "src\ConfigStream.Core\ConfigStream.Core.csproj", "{0BA1F37D-2526-331B-D6CE-59CEAB3C73B8}"
EndProject
Project("{FAE04EC0-301F-11D3-BF4B-00C04F79EFBC}") = "ConfigStream.MongoDb", "src\ConfigStream.MongoDb\ConfigStream.MongoDb.csproj", "{3A4A9436-24C5-4E6D-9B98-4CBA19819DC7}"
EndProject
Project("{FAE04EC0-301F-11D3-BF4B-00C04F79EFBC}") = "ConfigStream.Mvc.Web", "src\ConfigStream.Mvc.Web\ConfigStream.Mvc.Web.csproj", "{E1B4410F-F6B2-4A99-9892-9C6430AC3398}"
EndProject
Project("{2150E333-8FDC-42A3-9474-1A3956D46DE8}") = "tests", "tests", "{47CA4E6E-426E-47A7-A433-816CD1643344}"
EndProject
Project("{FAE04EC0-301F-11D3-BF4B-00C04F79EFBC}") = "ConfigStream.Core.Tests", "tests\ConfigStream.Core.Tests\ConfigStream.Core.Tests.csproj", "{647EB75A-B02C-4789-8F23-92E7B671784E}"
EndProject
Project("{FAE04EC0-301F-11D3-BF4B-00C04F79EFBC}") = "ConfigStream.MongoDb.Tests", "tests\ConfigStream.MongoDb.Tests\ConfigStream.MongoDb.Tests.csproj", "{358C30FC-CBE9-4A76-8083-DA04D5308ACC}"
EndProject
Project("{FAE04EC0-301F-11D3-BF4B-00C04F79EFBC}") = "ConfigStream.Mvc.Web.Tests", "tests\ConfigStream.Mvc.Web.Tests\ConfigStream.Mvc.Web.Tests.csproj", "{52582476-FE9F-4ED9-8C23-3F928DE4D30C}"
EndProject
Project("{FAE04EC0-301F-11D3-BF4B-00C04F79EFBC}") = "ConfigStream.RabbitMq", "src\ConfigStream.RabbitMq\ConfigStream.RabbitMq.csproj", "{6F294BBD-0166-4F78-8550-2DE27069FD4C}"
EndProject
Global
	GlobalSection(SolutionConfigurationPlatforms) = preSolution
		Debug|Any CPU = Debug|Any CPU
		Release|Any CPU = Release|Any CPU
	EndGlobalSection
	GlobalSection(ProjectConfigurationPlatforms) = postSolution
		{0BA1F37D-2526-331B-D6CE-59CEAB3C73B8}.Debug|Any CPU.ActiveCfg = Debug|Any CPU
		{0BA1F37D-2526-331B-D6CE-59CEAB3C73B8}.Debug|Any CPU.Build.0 = Debug|Any CPU
		{0BA1F37D-2526-331B-D6CE-59CEAB3C73B8}.Release|Any CPU.ActiveCfg = Release|Any CPU
		{0BA1F37D-2526-331B-D6CE-59CEAB3C73B8}.Release|Any CPU.Build.0 = Release|Any CPU
		{3A4A9436-24C5-4E6D-9B98-4CBA19819DC7}.Debug|Any CPU.ActiveCfg = Debug|Any CPU
		{3A4A9436-24C5-4E6D-9B98-4CBA19819DC7}.Debug|Any CPU.Build.0 = Debug|Any CPU
		{3A4A9436-24C5-4E6D-9B98-4CBA19819DC7}.Release|Any CPU.ActiveCfg = Release|Any CPU
		{3A4A9436-24C5-4E6D-9B98-4CBA19819DC7}.Release|Any CPU.Build.0 = Release|Any CPU
		{E1B4410F-F6B2-4A99-9892-9C6430AC3398}.Debug|Any CPU.ActiveCfg = Debug|Any CPU
		{E1B4410F-F6B2-4A99-9892-9C6430AC3398}.Debug|Any CPU.Build.0 = Debug|Any CPU
		{E1B4410F-F6B2-4A99-9892-9C6430AC3398}.Release|Any CPU.ActiveCfg = Release|Any CPU
		{E1B4410F-F6B2-4A99-9892-9C6430AC3398}.Release|Any CPU.Build.0 = Release|Any CPU
		{647EB75A-B02C-4789-8F23-92E7B671784E}.Debug|Any CPU.ActiveCfg = Debug|Any CPU
		{647EB75A-B02C-4789-8F23-92E7B671784E}.Debug|Any CPU.Build.0 = Debug|Any CPU
		{647EB75A-B02C-4789-8F23-92E7B671784E}.Release|Any CPU.ActiveCfg = Release|Any CPU
		{647EB75A-B02C-4789-8F23-92E7B671784E}.Release|Any CPU.Build.0 = Release|Any CPU
		{358C30FC-CBE9-4A76-8083-DA04D5308ACC}.Debug|Any CPU.ActiveCfg = Debug|Any CPU
		{358C30FC-CBE9-4A76-8083-DA04D5308ACC}.Debug|Any CPU.Build.0 = Debug|Any CPU
		{358C30FC-CBE9-4A76-8083-DA04D5308ACC}.Release|Any CPU.ActiveCfg = Release|Any CPU
		{358C30FC-CBE9-4A76-8083-DA04D5308ACC}.Release|Any CPU.Build.0 = Release|Any CPU
		{52582476-FE9F-4ED9-8C23-3F928DE4D30C}.Debug|Any CPU.ActiveCfg = Debug|Any CPU
		{52582476-FE9F-4ED9-8C23-3F928DE4D30C}.Debug|Any CPU.Build.0 = Debug|Any CPU
		{52582476-FE9F-4ED9-8C23-3F928DE4D30C}.Release|Any CPU.ActiveCfg = Release|Any CPU
		{52582476-FE9F-4ED9-8C23-3F928DE4D30C}.Release|Any CPU.Build.0 = Release|Any CPU
		{6F294BBD-0166-4F78-8550-2DE27069FD4C}.Debug|Any CPU.ActiveCfg = Debug|Any CPU
		{6F294BBD-0166-4F78-8550-2DE27069FD4C}.Debug|Any CPU.Build.0 = Debug|Any CPU
		{6F294BBD-0166-4F78-8550-2DE27069FD4C}.Release|Any CPU.ActiveCfg = Release|Any CPU
		{6F294BBD-0166-4F78-8550-2DE27069FD4C}.Release|Any CPU.Build.0 = Release|Any CPU
	EndGlobalSection
	GlobalSection(SolutionProperties) = preSolution
		HideSolutionNode = FALSE
	EndGlobalSection
	GlobalSection(NestedProjects) = preSolution
		{0BA1F37D-2526-331B-D6CE-59CEAB3C73B8} = {827E0CD3-B72D-47B6-A68D-7590B98EB39B}
		{3A4A9436-24C5-4E6D-9B98-4CBA19819DC7} = {827E0CD3-B72D-47B6-A68D-7590B98EB39B}
		{E1B4410F-F6B2-4A99-9892-9C6430AC3398} = {827E0CD3-B72D-47B6-A68D-7590B98EB39B}
		{647EB75A-B02C-4789-8F23-92E7B671784E} = {47CA4E6E-426E-47A7-A433-816CD1643344}
		{358C30FC-CBE9-4A76-8083-DA04D5308ACC} = {47CA4E6E-426E-47A7-A433-816CD1643344}
		{52582476-FE9F-4ED9-8C23-3F928DE4D30C} = {47CA4E6E-426E-47A7-A433-816CD1643344}
		{6F294BBD-0166-4F78-8550-2DE27069FD4C} = {827E0CD3-B72D-47B6-A68D-7590B98EB39B}
	EndGlobalSection
	GlobalSection(ExtensibilityGlobals) = postSolution
		SolutionGuid = {4A59612F-AB6D-418B-B6F8-6BDCAC331E58}
	EndGlobalSection
EndGlobal
